
Microsoft Visual Studio Solution File, Format Version 12.00
# Visual Studio Version 16
VisualStudioVersion = 16.0.35130.168
MinimumVisualStudioVersion = 10.0.40219.1
Project("{FAE04EC0-301F-11D3-BF4B-00C04F79EFBC}") = "Preexamen", "Preexamen\Preexamen.csproj", "{69510DD8-E41F-4979-BBC5-F2F587C69CDC}"
EndProject
Global
	GlobalSection(SolutionConfigurationPlatforms) = preSolution
		Debug|Any CPU = Debug|Any CPU
		Release|Any CPU = Release|Any CPU
	EndGlobalSection
	GlobalSection(ProjectConfigurationPlatforms) = postSolution
		{69510DD8-E41F-4979-BBC5-F2F587C69CDC}.Debug|Any CPU.ActiveCfg = Debug|Any CPU
		{69510DD8-E41F-4979-BBC5-F2F587C69CDC}.Debug|Any CPU.Build.0 = Debug|Any CPU
		{69510DD8-E41F-4979-BBC5-F2F587C69CDC}.Release|Any CPU.ActiveCfg = Release|Any CPU
		{69510DD8-E41F-4979-BBC5-F2F587C69CDC}.Release|Any CPU.Build.0 = Release|Any CPU
	EndGlobalSection
	GlobalSection(SolutionProperties) = preSolution
		HideSolutionNode = FALSE
	EndGlobalSection
	GlobalSection(ExtensibilityGlobals) = postSolution
		SolutionGuid = {FCE7F2C8-36AF-4771-A05B-F5834040A65F}
	EndGlobalSection
EndGlobal
